# This file is autogenerated, do not edit; changes may be undone by the next 'dep ensure'.


[[projects]]
  branch = "master"
  name = "github.com/aymerick/raymond"
  packages = ["ast","lexer","parser"]
  revision = "72acac2207479d21dd45898c2a4264246c818148"

[[projects]]
  branch = "master"
  name = "github.com/savaki/jq"
  packages = ["scanner"]
  revision = "0e6baecebbf8a24a6590d3fc8232165008d6e5d8"

[[projects]]
  branch = "master"
  name = "github.com/sebcat/har"
  packages = ["."]
  revision = "e5490f454e487f004446592803b2b37f0db1054a"

[[projects]]
  branch = "master"
  name = "github.com/xeipuuv/gojsonpointer"
  packages = ["."]
  revision = "6fe8760cad3569743d51ddbb243b26f8456742dc"

[[projects]]
  branch = "master"
  name = "github.com/xeipuuv/gojsonreference"
  packages = ["."]
  revision = "e02fc20de94c78484cd5ffb007f8af96be030a45"

[[projects]]
  branch = "master"
  name = "gopkg.in/CoveredCI/harhar.v0"
  packages = ["."]
  revision = "acb91b7a8682d79853ca817d5f16b0819c83d2f7"

[[projects]]
  branch = "master"
  name = "gopkg.in/aymerick/raymond.v2"
  packages = ["."]
  revision = "a2232af10b53ef1ae5a767f5178db3a6c1dab655"

[[projects]]
  branch = "master"
  name = "gopkg.in/blang/semver.v3"
  packages = ["."]
  revision = "2ee87856327ba09384cabd113bc6b5d174e9ec0f"

[[projects]]
  branch = "master"
  name = "gopkg.in/docopt/docopt.go.v0"
  packages = ["."]
  revision = "784ddc588536785e7299f7272f39101f7faccc3f"

[[projects]]
  branch = "master"
  name = "gopkg.in/hashicorp/logutils.v0"
  packages = ["."]
  revision = "0dc08b1671f34c4250ce212759ebd880f743d883"

[[projects]]
  branch = "master"
  name = "gopkg.in/savaki/jq.v0"
  packages = ["."]
  revision = "0e6baecebbf8a24a6590d3fc8232165008d6e5d8"

[[projects]]
  branch = "master"
  name = "gopkg.in/xeipuuv/gojsonschema.v0"
  packages = ["."]
  revision = "212d8a0df7acfab8bdd190a7a69f0ab7376edcc8"

[[projects]]
  branch = "v2"
  name = "gopkg.in/yaml.v2"
  packages = ["."]
  revision = "eb3733d160e74a9c7e442f435eb3bea458e1d19f"

[solve-meta]
  analyzer-name = "dep"
  analyzer-version = 1
  inputs-digest = "bd8d18a736c9cac4aff6c806f285c44c306c0008041aced7dd9bf9f9770be60f"
  solver-name = "gps-cdcl"
  solver-version = 1
