# This file is autogenerated, do not edit; changes may be undone by the next 'dep ensure'.


[[projects]]
  branch = "master"
  name = "github.com/cardigann/harhar"
  packages = ["."]
  revision = "acb91b7a8682d79853ca817d5f16b0819c83d2f7"

[[projects]]
  name = "github.com/davecgh/go-spew"
  packages = ["spew"]
  revision = "346938d642f2ec3594ed81d874461961cd0faa76"
  version = "v1.1.0"

[[projects]]
  branch = "master"
  name = "github.com/docopt/docopt-go"
  packages = ["."]
  revision = "ee0de3bc6815ee19d4a46c7eb90f829db0e014b1"

[[projects]]
  branch = "master"
  name = "github.com/fatih/color"
  packages = ["."]
  revision = "2d684516a8861da43017284349b7e303e809ac21"

[[projects]]
  branch = "uname-it"
  name = "github.com/fenollp/gox"
  packages = ["."]
  revision = "8f9d0bdfdd0371d0d118d1e43d135f04391ba6fa"

[[projects]]
  branch = "master"
  name = "github.com/getkin/kin-openapi"
  packages = [
    "jsoninfo",
    "openapi3"
  ]
  revision = "60e95f1b88c48a8c98824f41ea5cc3c8f2d54e82"

[[projects]]
  name = "github.com/ghodss/yaml"
  packages = ["."]
  revision = "0ca9ea5df5451ffdf184b4428c902747c2c11cd7"
  version = "v1.0.0"

[[projects]]
  branch = "master"
  name = "github.com/golang/lint"
  packages = ["golint"]
  revision = "06c8688daad7faa9da5a0c2f163a3d14aac986ca"

[[projects]]
  branch = "master"
  name = "github.com/golang/protobuf"
  packages = [
    "jsonpb",
    "proto",
    "protoc-gen-go",
    "protoc-gen-go/descriptor",
    "protoc-gen-go/generator",
    "protoc-gen-go/generator/internal/remap",
    "protoc-gen-go/grpc",
    "protoc-gen-go/plugin",
    "ptypes",
    "ptypes/any",
    "ptypes/duration",
    "ptypes/struct",
    "ptypes/timestamp"
  ]
  revision = "427e165155e0a4ff5993a36657c1f733f5b0f782"

[[projects]]
  branch = "master"
  name = "github.com/googleapis/gnostic"
  packages = [
    "OpenAPIv3",
    "compiler",
    "extensions"
  ]
  revision = "48a0ecefe2e4190c7a2d63b477875854a2f993b3"

[[projects]]
  branch = "master"
  name = "github.com/hashicorp/go-version"
  packages = ["."]
  revision = "270f2f71b1ee587f3b609f00f422b76a6b28f348"

[[projects]]
  branch = "master"
  name = "github.com/hashicorp/logutils"
  packages = ["."]
  revision = "0dc08b1671f34c4250ce212759ebd880f743d883"

[[projects]]
  name = "github.com/kisielk/gotool"
  packages = [
    ".",
    "internal/load"
  ]
  revision = "80517062f582ea3340cd4baf70e86d539ae7d84d"
  version = "v1.0.0"

[[projects]]
  branch = "master"
  name = "github.com/kyoh86/richgo"
  packages = [
    ".",
    "config",
    "editor",
    "editor/test"
  ]
  revision = "906501ce46a1aeba810c142a15fa6ac2d6f67424"

[[projects]]
  branch = "master"
  name = "github.com/kyoh86/xdg"
  packages = ["."]
  revision = "fcdc7e7a466bd4a15ee12d462a6582ff35f90e81"

[[projects]]
  name = "github.com/mattn/go-colorable"
  packages = ["."]
  revision = "167de6bfdfba052fa6b2d3664c8f5272e23c9072"
  version = "v0.0.9"

[[projects]]
  name = "github.com/mattn/go-isatty"
  packages = ["."]
  revision = "0360b2af4f38e8d38c7fce2a9f4e702702d73a39"
  version = "v0.0.3"

[[projects]]
  branch = "master"
  name = "github.com/mitchellh/iochan"
  packages = ["."]
  revision = "87b45ffd0e9581375c491fef3d32130bb15c5bd7"

[[projects]]
  branch = "master"
  name = "github.com/mitchellh/mapstructure"
  packages = ["."]
  revision = "f15292f7a699fcc1a38a80977f80a046874ba8ac"

[[projects]]
  branch = "master"
  name = "github.com/morikuni/aec"
  packages = ["."]
  revision = "39771216ff4c63d11f5e604076f9c45e8be1067b"

[[projects]]
  name = "github.com/pmezard/go-difflib"
  packages = ["difflib"]
  revision = "792786c7400a136282c1664665ae0a8db921c6c2"
  version = "v1.0.0"

[[projects]]
  branch = "master"
  name = "github.com/sebcat/har"
  packages = ["."]
  revision = "e5490f454e487f004446592803b2b37f0db1054a"

[[projects]]
  name = "github.com/stretchr/testify"
  packages = [
    "assert",
    "require"
  ]
  revision = "f35b8ab0b5a2cef36673838d662e249dd9c94686"
  version = "v1.2.2"

[[projects]]
  branch = "master"
  name = "github.com/wacul/ptr"
  packages = ["."]
  revision = "91632201dfc876021121963a76f103bbe1756b09"

[[projects]]
  branch = "master"
  name = "github.com/wadey/gocovmerge"
  packages = ["."]
  revision = "b5bfa59ec0adc420475f97f89b58045c721d761c"

[[projects]]
  branch = "master"
  name = "github.com/xeipuuv/gojsonpointer"
  packages = ["."]
  revision = "4e3ac2762d5f479393488629ee9370b50873b3a6"

[[projects]]
  branch = "master"
  name = "github.com/xeipuuv/gojsonreference"
  packages = ["."]
  revision = "bd5ef7bd5415a7ac448318e64f11a24cd21e594b"

[[projects]]
  branch = "master"
  name = "github.com/xeipuuv/gojsonschema"
  packages = ["."]
  revision = "b84684d0e066369f2a7a8a525f3080909ed4ea6b"

[[projects]]
  branch = "master"
  name = "golang.org/x/lint"
  packages = ["."]
  revision = "06c8688daad7faa9da5a0c2f163a3d14aac986ca"

[[projects]]
  branch = "master"
  name = "golang.org/x/sys"
  packages = ["unix"]
  revision = "ac767d655b305d4e9612f5f6e33120b9176c4ad4"

[[projects]]
  branch = "master"
  name = "golang.org/x/tools"
  packages = [
    "cover",
    "go/ast/astutil",
    "go/buildutil",
    "go/gcexportdata",
    "go/internal/gcimporter",
    "go/loader",
    "go/types/typeutil"
  ]
  revision = "60ffea201e66e0d9375dc5bec85245d7b416710f"

[[projects]]
  name = "gopkg.in/yaml.v2"
  packages = ["."]
  revision = "5420a8b6744d3b0345ab293f6fcba19c978f1183"
  version = "v2.2.1"

[[projects]]
  branch = "master"
  name = "honnef.co/go/tools"
  packages = [
    "callgraph",
    "callgraph/static",
    "cmd/megacheck",
    "deprecated",
    "functions",
    "internal/sharedcheck",
    "lint",
    "lint/lintutil",
    "simple",
    "ssa",
    "ssa/ssautil",
    "staticcheck",
    "staticcheck/vrp",
    "unused",
    "version"
  ]
  revision = "3ac6a802416d2efd6654491fe47f693e56d8eb4e"

[solve-meta]
  analyzer-name = "dep"
  analyzer-version = 1
  inputs-digest = "3d0449f0d499e814b9de7d51591a6f77656a9cffed1f2ceb984f3b06455997ae"
  solver-name = "gps-cdcl"
  solver-version = 1
