# This file is autogenerated, do not edit; changes may be undone by the next 'dep ensure'.


[[projects]]
  branch = "master"
  digest = "1:f197dd423f4675be375715f3890c9a85f7e40d2c8dd277fdfe6b85428760aa87"
  name = "github.com/cardigann/harhar"
  packages = ["."]
  pruneopts = "NT"
  revision = "acb91b7a8682d79853ca817d5f16b0819c83d2f7"

[[projects]]
  digest = "1:4b8b5811da6970495e04d1f4e98bb89518cc3cfc3b3f456bdb876ed7b6c74049"
  name = "github.com/davecgh/go-spew"
  packages = ["spew"]
  pruneopts = "NT"
  revision = "8991bc29aa16c548c550c7ff78260e27b9ab7c73"
  version = "v1.1.1"

[[projects]]
  branch = "master"
  digest = "1:7c50b1e849c5ac1617dd6ace17f8e07d098ca0ff33f06b3f91767ada3662176b"
  name = "github.com/docopt/docopt-go"
  packages = ["."]
  pruneopts = "NT"
  revision = "ee0de3bc6815ee19d4a46c7eb90f829db0e014b1"

[[projects]]
  branch = "master"
  digest = "1:ade392a843b2035effb4b4a2efa2c3bab3eb29b992e98bacf9c898b0ecb54e45"
  name = "github.com/fatih/color"
  packages = ["."]
  pruneopts = "NT"
  revision = "2d684516a8861da43017284349b7e303e809ac21"

[[projects]]
  branch = "uname-it"
  digest = "1:8ecbd9c6aff1d4f8af261a3492ac9055377a7d7f073b4820ba724e5b057ae934"
  name = "github.com/fenollp/gox"
  packages = ["."]
  pruneopts = "NT"
  revision = "8f9d0bdfdd0371d0d118d1e43d135f04391ba6fa"

[[projects]]
  branch = "master"
  digest = "1:8cd7def47f02eeadcd4944592d95072a522fb6c834d85a2a9bd654788f0759b9"
  name = "github.com/getkin/kin-openapi"
  packages = [
    "jsoninfo",
    "openapi3",
  ]
  pruneopts = "NT"
  revision = "ee0592e0597619ce5e95954d1f71cde81be0f0b5"

[[projects]]
  digest = "1:81466b4218bf6adddac2572a30ac733a9255919bc2f470b4827a317bd4ee1756"
  name = "github.com/ghodss/yaml"
  packages = ["."]
  pruneopts = "NT"
  revision = "0ca9ea5df5451ffdf184b4428c902747c2c11cd7"
  version = "v1.0.0"

[[projects]]
  branch = "master"
  digest = "1:8b9bec0ee3fce65c9128033d1f21a89f81aa1f9fffd2e3f1f1c9f530884b6088"
  name = "github.com/golang/lint"
  packages = ["golint"]
  pruneopts = "NT"
  revision = "06c8688daad7faa9da5a0c2f163a3d14aac986ca"

[[projects]]
  branch = "master"
  digest = "1:b47445f5179790694dbc5a2a3258439facd800b22c70e25db25d1ef38cbf23a2"
  name = "github.com/golang/protobuf"
  packages = [
    "jsonpb",
    "proto",
    "protoc-gen-go",
    "protoc-gen-go/descriptor",
    "protoc-gen-go/generator",
    "protoc-gen-go/generator/internal/remap",
    "protoc-gen-go/grpc",
    "protoc-gen-go/plugin",
    "ptypes",
    "ptypes/any",
    "ptypes/duration",
    "ptypes/struct",
    "ptypes/timestamp",
  ]
  pruneopts = "NT"
  revision = "acc501353c133fa62a2750ef0a37e5c8c971c2a4"

[[projects]]
  branch = "master"
  digest = "1:61a31dca839f2f0543751013fa56db79085f1fef52196a31b1b59904eb14b042"
  name = "github.com/googleapis/gnostic"
  packages = [
    "OpenAPIv3",
    "compiler",
    "extensions",
  ]
  pruneopts = "NT"
  revision = "48a0ecefe2e4190c7a2d63b477875854a2f993b3"

[[projects]]
  digest = "1:0b06ffe0c0764e413a6738e3f045d6bb14117359aef80a09f8c60fbff2ecad6b"
  name = "github.com/hashicorp/go-version"
  packages = ["."]
  pruneopts = "NT"
  revision = "b5a281d3160aa11950a6182bd9a9dc2cb1e02d50"
  version = "v1.0.0"

[[projects]]
  branch = "master"
  digest = "1:9e12c5649c4b1a47e113593d61acf2eb131dad59fea70a05111a89fa4aead0ee"
  name = "github.com/hashicorp/logutils"
  packages = ["."]
  pruneopts = "NT"
  revision = "a335183dfd075f638afcc820c90591ca3c97eba6"

[[projects]]
  digest = "1:04eb2b1e456031d95dbc76c9a42fa8a2da0d61ae5111d6aa277cbefba53c7e8f"
  name = "github.com/kisielk/gotool"
  packages = [
    ".",
    "internal/load",
  ]
  pruneopts = "NT"
  revision = "80517062f582ea3340cd4baf70e86d539ae7d84d"
  version = "v1.0.0"

[[projects]]
  branch = "master"
  digest = "1:a2c844693d0f86ff1cfd86ca9e10832c01dd815568ce0541e7d78ca978094820"
  name = "github.com/kyoh86/richgo"
  packages = [
    ".",
    "config",
    "editor",
    "editor/test",
  ]
  pruneopts = "NT"
  revision = "906501ce46a1aeba810c142a15fa6ac2d6f67424"

[[projects]]
  branch = "master"
  digest = "1:84002c59f8a9b1af27c9a37c5f1807c9eec7925d0ef81acf1df6fceca8f84bc7"
  name = "github.com/kyoh86/xdg"
  packages = ["."]
  pruneopts = "NT"
  revision = "fcdc7e7a466bd4a15ee12d462a6582ff35f90e81"

[[projects]]
  digest = "1:e0a9ecd540b69f570f96c593b713268aad428e4a25a98f23467c59e6f69ab880"
  name = "github.com/mattn/go-colorable"
  packages = ["."]
  pruneopts = "NT"
  revision = "167de6bfdfba052fa6b2d3664c8f5272e23c9072"
  version = "v0.0.9"

[[projects]]
  digest = "1:bffa444ca07c69c599ae5876bc18b25bfd5fa85b297ca10a25594d284a7e9c5d"
  name = "github.com/mattn/go-isatty"
  packages = ["."]
  pruneopts = "NT"
  revision = "6ca4dbf54d38eea1a992b3c722a76a5d1c4cb25c"
  version = "v0.0.4"

[[projects]]
  branch = "master"
  digest = "1:bd418de31f64429ae8cb5d02676fc9de2557fd19077f4fb55a2577187c7fbbe7"
  name = "github.com/mitchellh/iochan"
  packages = ["."]
  pruneopts = "NT"
  revision = "b6e3aadd28864e14dae41ff5c7261455b1242d24"

[[projects]]
  branch = "master"
  digest = "1:5fe20cfe4ef484c237cec9f947b2a6fa90bad4b8610fd014f0e4211e13d82d5d"
  name = "github.com/mitchellh/mapstructure"
  packages = ["."]
  pruneopts = "NT"
  revision = "fa473d140ef3c6adf42d6b391fe76707f1f243c8"

[[projects]]
  branch = "master"
  digest = "1:8c33af6454f65c8b754aa02cc6f9da19612b190898bcd415f5fcd558f8b13050"
  name = "github.com/morikuni/aec"
  packages = ["."]
  pruneopts = "NT"
  revision = "39771216ff4c63d11f5e604076f9c45e8be1067b"

[[projects]]
  digest = "1:0028cb19b2e4c3112225cd871870f2d9cf49b9b4276531f03438a88e94be86fe"
  name = "github.com/pmezard/go-difflib"
  packages = ["difflib"]
  pruneopts = "NT"
  revision = "792786c7400a136282c1664665ae0a8db921c6c2"
  version = "v1.0.0"

[[projects]]
  branch = "master"
  digest = "1:2d0fb234eb43b36d321b04d56854cb5e55f6ef793044abf0241fe0bb8683ab8b"
  name = "github.com/sebcat/har"
  packages = ["."]
  pruneopts = "NT"
  revision = "e5490f454e487f004446592803b2b37f0db1054a"

[[projects]]
  branch = "master"
  digest = "1:4af061277c04a7660e082acc2020f4c66d2c21dfc62e0242ffa1d2120cdfb4ec"
  name = "github.com/stretchr/testify"
  packages = [
    "assert",
    "require",
  ]
  pruneopts = "NT"
  revision = "f35b8ab0b5a2cef36673838d662e249dd9c94686"

[[projects]]
  branch = "master"
  digest = "1:e0ad6b7ada0a11c0bf8f8e184257bff7ec46c53e19ecfd05e6c9f5e75083c2c4"
  name = "github.com/wacul/ptr"
  packages = ["."]
  pruneopts = "NT"
  revision = "91632201dfc876021121963a76f103bbe1756b09"

[[projects]]
  branch = "master"
  digest = "1:b70423ea2ca23eb78d7729c3c98fbdf33a22059ce9ea06640066cddbbeb0006d"
  name = "github.com/wadey/gocovmerge"
  packages = ["."]
  pruneopts = "NT"
  revision = "b5bfa59ec0adc420475f97f89b58045c721d761c"

[[projects]]
  branch = "master"
  digest = "1:f15121220068fb01e71ad08b0fdbd1bfaa926be774e7634e8e332c82134079b0"
  name = "github.com/xeipuuv/gojsonpointer"
  packages = ["."]
  pruneopts = "NT"
  revision = "4e3ac2762d5f479393488629ee9370b50873b3a6"

[[projects]]
  branch = "master"
  digest = "1:131db546a264d76defd7a4ce233796316b2ab856991cb4b7d6ced2a3c7294ad3"
  name = "github.com/xeipuuv/gojsonreference"
  packages = ["."]
  pruneopts = "NT"
  revision = "bd5ef7bd5415a7ac448318e64f11a24cd21e594b"

[[projects]]
  branch = "master"
  digest = "1:55d89c767205cf255907b632bfb0fa5795bc8b1682d1acd31e138af6c4f6e176"
  name = "github.com/xeipuuv/gojsonschema"
  packages = ["."]
  pruneopts = "NT"
  revision = "da425ebb7609ba06a0f395fc8a254d1c303364a0"

[[projects]]
  branch = "master"
  digest = "1:8b9bec0ee3fce65c9128033d1f21a89f81aa1f9fffd2e3f1f1c9f530884b6088"
  name = "golang.org/x/lint"
  packages = ["."]
  pruneopts = "NT"
  revision = "06c8688daad7faa9da5a0c2f163a3d14aac986ca"

[[projects]]
  branch = "master"
  digest = "1:265345a1eb061d0e8f7dcffc47cb4ec91d19a43ef44f494714ed71f47acd0492"
  name = "golang.org/x/sys"
  packages = ["unix"]
  pruneopts = "NT"
  revision = "d0be0721c37eeb5299f245a996a483160fc36940"

[[projects]]
  branch = "master"
  digest = "1:b4a715f1821e0fbb29b18736a8981dac6e6ccc46e3f57f2440a7ac27f785aaca"
  name = "golang.org/x/tools"
  packages = [
    "cover",
    "go/ast/astutil",
    "go/buildutil",
    "go/gcexportdata",
    "go/internal/cgo",
    "go/internal/gcimporter",
    "go/loader",
    "go/types/typeutil",
  ]
  pruneopts = "NT"
  revision = "677d2ff680c188ddb7dcd2bfa6bc7d3f2f2f75b2"

[[projects]]
  branch = "v2"
  digest = "1:7c95b35057a0ff2e19f707173cc1a947fa43a6eb5c4d300d196ece0334046082"
  name = "gopkg.in/yaml.v2"
  packages = ["."]
  pruneopts = "NT"
  revision = "5420a8b6744d3b0345ab293f6fcba19c978f1183"

[[projects]]
  branch = "master"
  digest = "1:159bfea1834c8c776198858315e64b908378fe3811fa2150187c76da115d186a"
  name = "honnef.co/go/tools"
  packages = [
    "callgraph",
    "callgraph/static",
    "cmd/megacheck",
    "deprecated",
    "functions",
    "internal/sharedcheck",
    "lint",
    "lint/lintdsl",
    "lint/lintutil",
    "simple",
    "ssa",
    "ssa/ssautil",
    "staticcheck",
    "staticcheck/vrp",
    "unused",
    "version",
  ]
  pruneopts = "NT"
  revision = "88497007e8588ea5b6baee991f74a1607e809487"

[solve-meta]
  analyzer-name = "dep"
  analyzer-version = 1
  input-imports = [
    "github.com/cardigann/harhar",
    "github.com/docopt/docopt-go",
    "github.com/fatih/color",
    "github.com/fenollp/gox",
    "github.com/getkin/kin-openapi/openapi3",
    "github.com/golang/lint/golint",
    "github.com/golang/protobuf/jsonpb",
    "github.com/golang/protobuf/proto",
    "github.com/golang/protobuf/protoc-gen-go",
    "github.com/googleapis/gnostic/OpenAPIv3",
    "github.com/googleapis/gnostic/compiler",
    "github.com/hashicorp/logutils",
    "github.com/kyoh86/richgo",
    "github.com/mitchellh/mapstructure",
    "github.com/sebcat/har",
    "github.com/stretchr/testify/require",
    "github.com/wadey/gocovmerge",
    "github.com/xeipuuv/gojsonschema",
    "gopkg.in/yaml.v2",
    "honnef.co/go/tools/cmd/megacheck",
  ]
  solver-name = "gps-cdcl"
  solver-version = 1
